
Microsoft Visual Studio Solution File, Format Version 12.00
# Visual Studio 15
Project("{FAE04EC0-301F-11D3-BF4B-00C04F79EFBC}") = "AmplifyShaderEditor", "AmplifyShaderEditor.csproj", "{2E151BA7-F993-692E-B52B-A459B13CA144}"
EndProject
Project("{FAE04EC0-301F-11D3-BF4B-00C04F79EFBC}") = "Assembly-CSharp-Editor", "Assembly-CSharp-Editor.csproj", "{3644244E-51E9-72C6-1EA4-059308428D62}"
EndProject
Project("{FAE04EC0-301F-11D3-BF4B-00C04F79EFBC}") = "Assembly-CSharp", "Assembly-CSharp.csproj", "{D3540402-C439-F85E-2089-0F403AE538D8}"
EndProject
Global
	GlobalSection(SolutionConfigurationPlatforms) = preSolution
		Debug|Any CPU = Debug|Any CPU
		Release|Any CPU = Release|Any CPU
	EndGlobalSection
	GlobalSection(ProjectConfigurationPlatforms) = postSolution
		{2E151BA7-F993-692E-B52B-A459B13CA144}.Debug|Any CPU.ActiveCfg = Debug|Any CPU
		{2E151BA7-F993-692E-B52B-A459B13CA144}.Debug|Any CPU.Build.0 = Debug|Any CPU
		{2E151BA7-F993-692E-B52B-A459B13CA144}.Release|Any CPU.ActiveCfg = Release|Any CPU
		{2E151BA7-F993-692E-B52B-A459B13CA144}.Release|Any CPU.Build.0 = Release|Any CPU
		{3644244E-51E9-72C6-1EA4-059308428D62}.Debug|Any CPU.ActiveCfg = Debug|Any CPU
		{3644244E-51E9-72C6-1EA4-059308428D62}.Debug|Any CPU.Build.0 = Debug|Any CPU
		{3644244E-51E9-72C6-1EA4-059308428D62}.Release|Any CPU.ActiveCfg = Release|Any CPU
		{3644244E-51E9-72C6-1EA4-059308428D62}.Release|Any CPU.Build.0 = Release|Any CPU
		{D3540402-C439-F85E-2089-0F403AE538D8}.Debug|Any CPU.ActiveCfg = Debug|Any CPU
		{D3540402-C439-F85E-2089-0F403AE538D8}.Debug|Any CPU.Build.0 = Debug|Any CPU
		{D3540402-C439-F85E-2089-0F403AE538D8}.Release|Any CPU.ActiveCfg = Release|Any CPU
		{D3540402-C439-F85E-2089-0F403AE538D8}.Release|Any CPU.Build.0 = Release|Any CPU
	EndGlobalSection
	GlobalSection(SolutionProperties) = preSolution
		HideSolutionNode = FALSE
	EndGlobalSection
EndGlobal
